ewogICJsb2NrZmlsZVZlcnNpb24iOiAxLAogICJ3b3Jrc3BhY2VzIjogewogICAgIiI6IHsKICAgICAgIm5hbWUiOiAidGVtcG9yYXJ5LW1haWwtZnVuY3Rpb25zIiwKICAgICAgImRlcGVuZGVuY2llcyI6IHsKICAgICAgICAidXVpZCI6ICJeMTEuMS4wIiwKICAgICAgfSwKICAgIH0sCiAgfSwKICAicGFja2FnZXMiOiB7CiAgICAidXVpZCI6IFsidXVpZEAxMS4xLjAiLCAiIiwgeyAiYmluIjogeyAidXVpZCI6ICJkaXN0L2VzbS9iaW4vdXVpZCIgfSB9LCAic2hhNTEyLTAvQTlyRHk5UDdjSis4dzFjOVdEOVYvLzlXajE1Q2UyTVB6OFJpNjAzMnVzeitOZmVQeHg1QWNOM2JOK3I2Wkw2akVvMDY2L3lOWUIzdG40cFFFeCtBPT0iXSwKICB9Cn0K