ZXdvZ0lDSnNiMk5yWm1sc1pWWmxjbk5wYjI0aU9pQXhMQW9nSUNKM2IzSnJjM0JoWTJWeklqb2dld29nSUNBZ0lpSTZJSHNLSUNBZ0lDQWdJbTVoYldVaU9pQWlkR1Z0Y0c5eVlYSjVMVzFoYVd3dFpuVnVZM1JwYjI1eklpd0tJQ0FnSUNBZ0ltUmxjR1Z1WkdWdVkybGxjeUk2SUhzS0lDQWdJQ0FnSUNBaWRYVnBaQ0k2SUNKZU1URXVNUzR3SWl3S0lDQWdJQ0FnZlN3S0lDQWdJSDBzQ2lBZ2ZTd0tJQ0FpY0dGamEyRm5aWE1pT2lCN0NpQWdJQ0FpZFhWcFpDSTZJRnNpZFhWcFpFQXhNUzR4TGpBaUxDQWlJaXdnZXlBaVltbHVJam9nZXlBaWRYVnBaQ0k2SUNKa2FYTjBMMlZ6YlM5aWFXNHZkWFZwWkNJZ2ZTQjlMQ0FpYzJoaE5URXlMVEF2UVRseVJIazVVRGRqU2lzNGR6RmpPVmRFT1ZZdkx6bFhhakUxUTJVeVRWQjZPRkpwTmpBek1uVnplaXRPWm1WUWVIZzFRV05PTTJKT0szSTJXa3cyYWtWdk1EWTJMM2xPV1VJemRHNDBjRkZGZUN0QlBUMGlYU3dLSUNCOUNuMEs=